// !$*UTF8*$!
{
	archiveVersion = 1;
	classes = {
	};
	objectVersion = 46;
	objects = {

/* Begin PBXBuildFile section */
		2022CCA81AB3B30300106909 /* CoreFoundation.framework in Frameworks */ = {isa = PBXBuildFile; fileRef = 2022CCA71AB3B30300106909 /* CoreFoundation.framework */; };
		202DE9D41C6BA70000E4D153 /* DisplayOnlineMap.m in Sources */ = {isa = PBXBuildFile; fileRef = 202DE9D31C6BA70000E4D153 /* DisplayOnlineMap.m */; };
		202DE9D71C6BA76400E4D153 /* DisplayBSB.m in Sources */ = {isa = PBXBuildFile; fileRef = 202DE9D61C6BA76400E4D153 /* DisplayBSB.m */; };
		202DE9DA1C6BA78E00E4D153 /* DisplayENC.m in Sources */ = {isa = PBXBuildFile; fileRef = 202DE9D91C6BA78E00E4D153 /* DisplayENC.m */; };
		202DE9DD1C6BA7BD00E4D153 /* DisplayGeoTIFF.m in Sources */ = {isa = PBXBuildFile; fileRef = 202DE9DC1C6BA7BD00E4D153 /* DisplayGeoTIFF.m */; };
		202DE9E11C6BA84400E4D153 /* NMEA0183.m in Sources */ = {isa = PBXBuildFile; fileRef = 202DE9E01C6BA84400E4D153 /* NMEA0183.m */; };
		202DE9E41C6BA87000E4D153 /* NMEA2000.m in Sources */ = {isa = PBXBuildFile; fileRef = 202DE9E31C6BA87000E4D153 /* NMEA2000.m */; };
		202DE9E81C6BA90700E4D153 /* USB.m in Sources */ = {isa = PBXBuildFile; fileRef = 202DE9E71C6BA90700E4D153 /* USB.m */; };
		202DE9EB1C6BA92300E4D153 /* serial.m in Sources */ = {isa = PBXBuildFile; fileRef = 202DE9EA1C6BA92300E4D153 /* serial.m */; };
		202DE9EE1C6BA94300E4D153 /* net.m in Sources */ = {isa = PBXBuildFile; fileRef = 202DE9ED1C6BA94300E4D153 /* net.m */; };
		20E017D41E2D56E700A9E4FE /* MapKit.framework in Frameworks */ = {isa = PBXBuildFile; fileRef = 20E017D31E2D56E700A9E4FE /* MapKit.framework */; };
		20E8B1EE1E2864EF008B1A56 /* AIS.m in Sources */ = {isa = PBXBuildFile; fileRef = 20E8B1ED1E2864EF008B1A56 /* AIS.m */; };
		20E8B1F11E286517008B1A56 /* Radar.m in Sources */ = {isa = PBXBuildFile; fileRef = 20E8B1F01E286517008B1A56 /* Radar.m */; };
		20E8B1F41E28652D008B1A56 /* grib.m in Sources */ = {isa = PBXBuildFile; fileRef = 20E8B1F31E28652D008B1A56 /* grib.m */; };
		20E8B1F71E28662F008B1A56 /* RTFM.m in Sources */ = {isa = PBXBuildFile; fileRef = 20E8B1F61E28662F008B1A56 /* RTFM.m */; };
		20F6286E1AB0C6CC006B5799 /* AppDelegate.m in Sources */ = {isa = PBXBuildFile; fileRef = 20F6286D1AB0C6CC006B5799 /* AppDelegate.m */; };
		20F628701AB0C6CC006B5799 /* main.m in Sources */ = {isa = PBXBuildFile; fileRef = 20F6286F1AB0C6CC006B5799 /* main.m */; };
		20F628731AB0C6CC006B5799 /* ViewController.m in Sources */ = {isa = PBXBuildFile; fileRef = 20F628721AB0C6CC006B5799 /* ViewController.m */; };
		20F628761AB0C6CC006B5799 /* iECDIS.xcdatamodeld in Sources */ = {isa = PBXBuildFile; fileRef = 20F628741AB0C6CC006B5799 /* iECDIS.xcdatamodeld */; };
		20F628781AB0C6CC006B5799 /* Images.xcassets in Resources */ = {isa = PBXBuildFile; fileRef = 20F628771AB0C6CC006B5799 /* Images.xcassets */; };
		20F6287B1AB0C6CC006B5799 /* Main.storyboard in Resources */ = {isa = PBXBuildFile; fileRef = 20F628791AB0C6CC006B5799 /* Main.storyboard */; };
		20F628871AB0C6CC006B5799 /* iECDISTests.m in Sources */ = {isa = PBXBuildFile; fileRef = 20F628861AB0C6CC006B5799 /* iECDISTests.m */; };
/* End PBXBuildFile section */

/* Begin PBXContainerItemProxy section */
		20F628811AB0C6CC006B5799 /* PBXContainerItemProxy */ = {
			isa = PBXContainerItemProxy;
			containerPortal = 20F6285F1AB0C6CC006B5799 /* Project object */;
			proxyType = 1;
			remoteGlobalIDString = 20F628661AB0C6CC006B5799;
			remoteInfo = iECDIS;
		};
/* End PBXContainerItemProxy section */

/* Begin PBXFileReference section */
		2022CCA71AB3B30300106909 /* CoreFoundation.framework */ = {isa = PBXFileReference; lastKnownFileType = wrapper.framework; name = CoreFoundation.framework; path = System/Library/Frameworks/CoreFoundation.framework; sourceTree = SDKROOT; };
		202DE9D21C6BA70000E4D153 /* DisplayOnlineMap.h */ = {isa = PBXFileReference; fileEncoding = 4; lastKnownFileType = sourcecode.c.h; name = DisplayOnlineMap.h; path = MapDisplay/DisplayOnlineMap.h; sourceTree = "<group>"; };
		202DE9D31C6BA70000E4D153 /* DisplayOnlineMap.m */ = {isa = PBXFileReference; fileEncoding = 4; lastKnownFileType = sourcecode.c.objc; name = DisplayOnlineMap.m; path = MapDisplay/DisplayOnlineMap.m; sourceTree = "<group>"; };
		202DE9D51C6BA76400E4D153 /* DisplayBSB.h */ = {isa = PBXFileReference; fileEncoding = 4; lastKnownFileType = sourcecode.c.h; name = DisplayBSB.h; path = MapDisplay/DisplayBSB.h; sourceTree = "<group>"; };
		202DE9D61C6BA76400E4D153 /* DisplayBSB.m */ = {isa = PBXFileReference; fileEncoding = 4; lastKnownFileType = sourcecode.c.objc; name = DisplayBSB.m; path = MapDisplay/DisplayBSB.m; sourceTree = "<group>"; };
		202DE9D81C6BA78E00E4D153 /* DisplayENC.h */ = {isa = PBXFileReference; fileEncoding = 4; lastKnownFileType = sourcecode.c.h; name = DisplayENC.h; path = MapDisplay/DisplayENC.h; sourceTree = "<group>"; };
		202DE9D91C6BA78E00E4D153 /* DisplayENC.m */ = {isa = PBXFileReference; fileEncoding = 4; lastKnownFileType = sourcecode.c.objc; name = DisplayENC.m; path = MapDisplay/DisplayENC.m; sourceTree = "<group>"; };
		202DE9DB1C6BA7BD00E4D153 /* DisplayGeoTIFF.h */ = {isa = PBXFileReference; fileEncoding = 4; lastKnownFileType = sourcecode.c.h; name = DisplayGeoTIFF.h; path = MapDisplay/DisplayGeoTIFF.h; sourceTree = "<group>"; };
		202DE9DC1C6BA7BD00E4D153 /* DisplayGeoTIFF.m */ = {isa = PBXFileReference; fileEncoding = 4; lastKnownFileType = sourcecode.c.objc; name = DisplayGeoTIFF.m; path = MapDisplay/DisplayGeoTIFF.m; sourceTree = "<group>"; };
		202DE9DF1C6BA84400E4D153 /* NMEA0183.h */ = {isa = PBXFileReference; fileEncoding = 4; lastKnownFileType = sourcecode.c.h; name = NMEA0183.h; path = Protocol/NMEA0183.h; sourceTree = "<group>"; };
		202DE9E01C6BA84400E4D153 /* NMEA0183.m */ = {isa = PBXFileReference; fileEncoding = 4; lastKnownFileType = sourcecode.c.objc; name = NMEA0183.m; path = Protocol/NMEA0183.m; sourceTree = "<group>"; };
		202DE9E21C6BA87000E4D153 /* NMEA2000.h */ = {isa = PBXFileReference; fileEncoding = 4; lastKnownFileType = sourcecode.c.h; name = NMEA2000.h; path = Protocol/NMEA2000.h; sourceTree = "<group>"; };
		202DE9E31C6BA87000E4D153 /* NMEA2000.m */ = {isa = PBXFileReference; fileEncoding = 4; lastKnownFileType = sourcecode.c.objc; name = NMEA2000.m; path = Protocol/NMEA2000.m; sourceTree = "<group>"; };
		202DE9E61C6BA90700E4D153 /* USB.h */ = {isa = PBXFileReference; fileEncoding = 4; lastKnownFileType = sourcecode.c.h; name = USB.h; path = Interface/USB.h; sourceTree = "<group>"; };
		202DE9E71C6BA90700E4D153 /* USB.m */ = {isa = PBXFileReference; fileEncoding = 4; lastKnownFileType = sourcecode.c.objc; name = USB.m; path = Interface/USB.m; sourceTree = "<group>"; };
		202DE9E91C6BA92300E4D153 /* serial.h */ = {isa = PBXFileReference; fileEncoding = 4; lastKnownFileType = sourcecode.c.h; name = serial.h; path = Interface/serial.h; sourceTree = "<group>"; };
		202DE9EA1C6BA92300E4D153 /* serial.m */ = {isa = PBXFileReference; fileEncoding = 4; lastKnownFileType = sourcecode.c.objc; name = serial.m; path = Interface/serial.m; sourceTree = "<group>"; };
		202DE9EC1C6BA94300E4D153 /* net.h */ = {isa = PBXFileReference; fileEncoding = 4; lastKnownFileType = sourcecode.c.h; name = net.h; path = Interface/net.h; sourceTree = "<group>"; };
		202DE9ED1C6BA94300E4D153 /* net.m */ = {isa = PBXFileReference; fileEncoding = 4; lastKnownFileType = sourcecode.c.objc; name = net.m; path = Interface/net.m; sourceTree = "<group>"; };
		202DE9EF1C6BAC5200E4D153 /* iECDIS.xcconfig */ = {isa = PBXFileReference; lastKnownFileType = text.xcconfig; path = iECDIS.xcconfig; sourceTree = "<group>"; };
		20E017D31E2D56E700A9E4FE /* MapKit.framework */ = {isa = PBXFileReference; lastKnownFileType = wrapper.framework; name = MapKit.framework; path = System/Library/Frameworks/MapKit.framework; sourceTree = SDKROOT; };
		20E8B1EC1E2864EF008B1A56 /* AIS.h */ = {isa = PBXFileReference; fileEncoding = 4; lastKnownFileType = sourcecode.c.h; name = AIS.h; path = Overlays/AIS.h; sourceTree = "<group>"; };
		20E8B1ED1E2864EF008B1A56 /* AIS.m */ = {isa = PBXFileReference; fileEncoding = 4; lastKnownFileType = sourcecode.c.objc; name = AIS.m; path = Overlays/AIS.m; sourceTree = "<group>"; };
		20E8B1EF1E286517008B1A56 /* Radar.h */ = {isa = PBXFileReference; fileEncoding = 4; lastKnownFileType = sourcecode.c.h; name = Radar.h; path = Overlays/Radar.h; sourceTree = "<group>"; };
		20E8B1F01E286517008B1A56 /* Radar.m */ = {isa = PBXFileReference; fileEncoding = 4; lastKnownFileType = sourcecode.c.objc; name = Radar.m; path = Overlays/Radar.m; sourceTree = "<group>"; };
		20E8B1F21E28652D008B1A56 /* grib.h */ = {isa = PBXFileReference; fileEncoding = 4; lastKnownFileType = sourcecode.c.h; name = grib.h; path = Overlays/grib.h; sourceTree = "<group>"; };
		20E8B1F31E28652D008B1A56 /* grib.m */ = {isa = PBXFileReference; fileEncoding = 4; lastKnownFileType = sourcecode.c.objc; name = grib.m; path = Overlays/grib.m; sourceTree = "<group>"; };
		20E8B1F51E28662F008B1A56 /* RTFM.h */ = {isa = PBXFileReference; fileEncoding = 4; lastKnownFileType = sourcecode.c.h; name = RTFM.h; path = Protocol/RTFM.h; sourceTree = "<group>"; };
		20E8B1F61E28662F008B1A56 /* RTFM.m */ = {isa = PBXFileReference; fileEncoding = 4; lastKnownFileType = sourcecode.c.objc; name = RTFM.m; path = Protocol/RTFM.m; sourceTree = "<group>"; };
		20F628671AB0C6CC006B5799 /* iECDIS.app */ = {isa = PBXFileReference; explicitFileType = wrapper.application; includeInIndex = 0; path = iECDIS.app; sourceTree = BUILT_PRODUCTS_DIR; };
		20F6286B1AB0C6CC006B5799 /* Info.plist */ = {isa = PBXFileReference; lastKnownFileType = text.plist.xml; path = Info.plist; sourceTree = "<group>"; };
		20F6286C1AB0C6CC006B5799 /* AppDelegate.h */ = {isa = PBXFileReference; lastKnownFileType = sourcecode.c.h; path = AppDelegate.h; sourceTree = "<group>"; };
		20F6286D1AB0C6CC006B5799 /* AppDelegate.m */ = {isa = PBXFileReference; lastKnownFileType = sourcecode.c.objc; path = AppDelegate.m; sourceTree = "<group>"; };
		20F6286F1AB0C6CC006B5799 /* main.m */ = {isa = PBXFileReference; lastKnownFileType = sourcecode.c.objc; path = main.m; sourceTree = "<group>"; };
		20F628711AB0C6CC006B5799 /* ViewController.h */ = {isa = PBXFileReference; lastKnownFileType = sourcecode.c.h; path = ViewController.h; sourceTree = "<group>"; };
		20F628721AB0C6CC006B5799 /* ViewController.m */ = {isa = PBXFileReference; lastKnownFileType = sourcecode.c.objc; path = ViewController.m; sourceTree = "<group>"; };
		20F628751AB0C6CC006B5799 /* iECDIS.xcdatamodel */ = {isa = PBXFileReference; lastKnownFileType = wrapper.xcdatamodel; path = iECDIS.xcdatamodel; sourceTree = "<group>"; };
		20F628771AB0C6CC006B5799 /* Images.xcassets */ = {isa = PBXFileReference; lastKnownFileType = folder.assetcatalog; path = Images.xcassets; sourceTree = "<group>"; };
		20F6287A1AB0C6CC006B5799 /* Base */ = {isa = PBXFileReference; lastKnownFileType = file.storyboard; name = Base; path = Base.lproj/Main.storyboard; sourceTree = "<group>"; };
		20F628801AB0C6CC006B5799 /* iECDISTests.xctest */ = {isa = PBXFileReference; explicitFileType = wrapper.cfbundle; includeInIndex = 0; path = iECDISTests.xctest; sourceTree = BUILT_PRODUCTS_DIR; };
		20F628851AB0C6CC006B5799 /* Info.plist */ = {isa = PBXFileReference; lastKnownFileType = text.plist.xml; path = Info.plist; sourceTree = "<group>"; };
		20F628861AB0C6CC006B5799 /* iECDISTests.m */ = {isa = PBXFileReference; lastKnownFileType = sourcecode.c.objc; path = iECDISTests.m; sourceTree = "<group>"; };
		20F628901AB0C83F006B5799 /* iECDIS.entitlements */ = {isa = PBXFileReference; lastKnownFileType = text.xml; path = iECDIS.entitlements; sourceTree = "<group>"; };
		20F628911AB0CA30006B5799 /* LICENSE */ = {isa = PBXFileReference; lastKnownFileType = text; path = LICENSE; sourceTree = "<group>"; };
		20F628921AB0CA30006B5799 /* README.md */ = {isa = PBXFileReference; lastKnownFileType = net.daringfireball.markdown; path = README.md; sourceTree = "<group>"; };
/* End PBXFileReference section */

/* Begin PBXFrameworksBuildPhase section */
		20F628641AB0C6CC006B5799 /* Frameworks */ = {
			isa = PBXFrameworksBuildPhase;
			buildActionMask = 2147483647;
			files = (
				20E017D41E2D56E700A9E4FE /* MapKit.framework in Frameworks */,
				2022CCA81AB3B30300106909 /* CoreFoundation.framework in Frameworks */,
			);
			runOnlyForDeploymentPostprocessing = 0;
		};
		20F6287D1AB0C6CC006B5799 /* Frameworks */ = {
			isa = PBXFrameworksBuildPhase;
			buildActionMask = 2147483647;
			files = (
			);
			runOnlyForDeploymentPostprocessing = 0;
		};
/* End PBXFrameworksBuildPhase section */

/* Begin PBXGroup section */
		202DE9D11C6BA6CF00E4D153 /* MapDisplay */ = {
			isa = PBXGroup;
			children = (
				202DE9D21C6BA70000E4D153 /* DisplayOnlineMap.h */,
				202DE9D31C6BA70000E4D153 /* DisplayOnlineMap.m */,
				202DE9D51C6BA76400E4D153 /* DisplayBSB.h */,
				202DE9D61C6BA76400E4D153 /* DisplayBSB.m */,
				202DE9D81C6BA78E00E4D153 /* DisplayENC.h */,
				202DE9D91C6BA78E00E4D153 /* DisplayENC.m */,
				202DE9DB1C6BA7BD00E4D153 /* DisplayGeoTIFF.h */,
				202DE9DC1C6BA7BD00E4D153 /* DisplayGeoTIFF.m */,
			);
			name = MapDisplay;
			sourceTree = "<group>";
		};
		202DE9DE1C6BA7D800E4D153 /* Protocol */ = {
			isa = PBXGroup;
			children = (
				202DE9DF1C6BA84400E4D153 /* NMEA0183.h */,
				202DE9E01C6BA84400E4D153 /* NMEA0183.m */,
				202DE9E21C6BA87000E4D153 /* NMEA2000.h */,
				202DE9E31C6BA87000E4D153 /* NMEA2000.m */,
				20E8B1F51E28662F008B1A56 /* RTFM.h */,
				20E8B1F61E28662F008B1A56 /* RTFM.m */,
			);
			name = Protocol;
			sourceTree = "<group>";
		};
		202DE9E51C6BA8AB00E4D153 /* Interface */ = {
			isa = PBXGroup;
			children = (
				202DE9E61C6BA90700E4D153 /* USB.h */,
				202DE9E71C6BA90700E4D153 /* USB.m */,
				202DE9E91C6BA92300E4D153 /* serial.h */,
				202DE9EA1C6BA92300E4D153 /* serial.m */,
				202DE9EC1C6BA94300E4D153 /* net.h */,
				202DE9ED1C6BA94300E4D153 /* net.m */,
			);
			name = Interface;
			sourceTree = "<group>";
		};
		20E017D21E2D56E700A9E4FE /* Frameworks */ = {
			isa = PBXGroup;
			children = (
				20E017D31E2D56E700A9E4FE /* MapKit.framework */,
			);
			name = Frameworks;
			sourceTree = "<group>";
		};
		20E8B1E91E286476008B1A56 /* Overlays */ = {
			isa = PBXGroup;
			children = (
				20E8B1EC1E2864EF008B1A56 /* AIS.h */,
				20E8B1ED1E2864EF008B1A56 /* AIS.m */,
				20E8B1EF1E286517008B1A56 /* Radar.h */,
				20E8B1F01E286517008B1A56 /* Radar.m */,
				20E8B1F21E28652D008B1A56 /* grib.h */,
				20E8B1F31E28652D008B1A56 /* grib.m */,
			);
			name = Overlays;
			sourceTree = "<group>";
		};
		20F6285E1AB0C6CC006B5799 = {
			isa = PBXGroup;
			children = (
				2022CCA71AB3B30300106909 /* CoreFoundation.framework */,
				20F628911AB0CA30006B5799 /* LICENSE */,
				20F628921AB0CA30006B5799 /* README.md */,
				20F628691AB0C6CC006B5799 /* iECDIS */,
				20F628831AB0C6CC006B5799 /* iECDISTests */,
				20F628681AB0C6CC006B5799 /* Products */,
				20E017D21E2D56E700A9E4FE /* Frameworks */,
			);
			sourceTree = "<group>";
		};
		20F628681AB0C6CC006B5799 /* Products */ = {
			isa = PBXGroup;
			children = (
				20F628671AB0C6CC006B5799 /* iECDIS.app */,
				20F628801AB0C6CC006B5799 /* iECDISTests.xctest */,
			);
			name = Products;
			sourceTree = "<group>";
		};
		20F628691AB0C6CC006B5799 /* iECDIS */ = {
			isa = PBXGroup;
			children = (
				20F6286C1AB0C6CC006B5799 /* AppDelegate.h */,
				20F6286D1AB0C6CC006B5799 /* AppDelegate.m */,
				20F628901AB0C83F006B5799 /* iECDIS.entitlements */,
				202DE9EF1C6BAC5200E4D153 /* iECDIS.xcconfig */,
				20F628741AB0C6CC006B5799 /* iECDIS.xcdatamodeld */,
				20F628771AB0C6CC006B5799 /* Images.xcassets */,
				202DE9E51C6BA8AB00E4D153 /* Interface */,
				20F628791AB0C6CC006B5799 /* Main.storyboard */,
				20E8B1E91E286476008B1A56 /* Overlays */,
				202DE9D11C6BA6CF00E4D153 /* MapDisplay */,
				202DE9DE1C6BA7D800E4D153 /* Protocol */,
				20F6286A1AB0C6CC006B5799 /* Supporting Files */,
				20F628711AB0C6CC006B5799 /* ViewController.h */,
				20F628721AB0C6CC006B5799 /* ViewController.m */,
			);
			path = iECDIS;
			sourceTree = "<group>";
		};
		20F6286A1AB0C6CC006B5799 /* Supporting Files */ = {
			isa = PBXGroup;
			children = (
				20F6286B1AB0C6CC006B5799 /* Info.plist */,
				20F6286F1AB0C6CC006B5799 /* main.m */,
			);
			name = "Supporting Files";
			sourceTree = "<group>";
		};
		20F628831AB0C6CC006B5799 /* iECDISTests */ = {
			isa = PBXGroup;
			children = (
				20F628861AB0C6CC006B5799 /* iECDISTests.m */,
				20F628841AB0C6CC006B5799 /* Supporting Files */,
			);
			path = iECDISTests;
			sourceTree = "<group>";
		};
		20F628841AB0C6CC006B5799 /* Supporting Files */ = {
			isa = PBXGroup;
			children = (
				20F628851AB0C6CC006B5799 /* Info.plist */,
			);
			name = "Supporting Files";
			sourceTree = "<group>";
		};
/* End PBXGroup section */

/* Begin PBXNativeTarget section */
		20F628661AB0C6CC006B5799 /* iECDIS */ = {
			isa = PBXNativeTarget;
			buildConfigurationList = 20F6288A1AB0C6CC006B5799 /* Build configuration list for PBXNativeTarget "iECDIS" */;
			buildPhases = (
				20F628631AB0C6CC006B5799 /* Sources */,
				20F628641AB0C6CC006B5799 /* Frameworks */,
				20F628651AB0C6CC006B5799 /* Resources */,
			);
			buildRules = (
			);
			dependencies = (
			);
			name = iECDIS;
			productName = iECDIS;
			productReference = 20F628671AB0C6CC006B5799 /* iECDIS.app */;
			productType = "com.apple.product-type.application";
		};
		20F6287F1AB0C6CC006B5799 /* iECDISTests */ = {
			isa = PBXNativeTarget;
			buildConfigurationList = 20F6288D1AB0C6CC006B5799 /* Build configuration list for PBXNativeTarget "iECDISTests" */;
			buildPhases = (
				20F6287C1AB0C6CC006B5799 /* Sources */,
				20F6287D1AB0C6CC006B5799 /* Frameworks */,
				20F6287E1AB0C6CC006B5799 /* Resources */,
			);
			buildRules = (
			);
			dependencies = (
				20F628821AB0C6CC006B5799 /* PBXTargetDependency */,
			);
			name = iECDISTests;
			productName = iECDISTests;
			productReference = 20F628801AB0C6CC006B5799 /* iECDISTests.xctest */;
			productType = "com.apple.product-type.bundle.unit-test";
		};
/* End PBXNativeTarget section */

/* Begin PBXProject section */
		20F6285F1AB0C6CC006B5799 /* Project object */ = {
			isa = PBXProject;
			attributes = {
				LastUpgradeCheck = 0820;
				ORGANIZATIONNAME = "Aun Johnsen";
				TargetAttributes = {
					20F628661AB0C6CC006B5799 = {
						CreatedOnToolsVersion = 6.1.1;
						SystemCapabilities = {
							com.apple.ApplicationGroups.Mac = {
								enabled = 1;
							};
							com.apple.Maps.Mac = {
								enabled = 1;
							};
							com.apple.Push = {
								enabled = 1;
							};
							com.apple.iCloud = {
								enabled = 0;
							};
						};
					};
					20F6287F1AB0C6CC006B5799 = {
						CreatedOnToolsVersion = 6.1.1;
						TestTargetID = 20F628661AB0C6CC006B5799;
					};
				};
			};
			buildConfigurationList = 20F628621AB0C6CC006B5799 /* Build configuration list for PBXProject "iECDIS" */;
			compatibilityVersion = "Xcode 3.2";
			developmentRegion = English;
			hasScannedForEncodings = 0;
			knownRegions = (
				en,
				Base,
			);
			mainGroup = 20F6285E1AB0C6CC006B5799;
			productRefGroup = 20F628681AB0C6CC006B5799 /* Products */;
			projectDirPath = "";
			projectRoot = "";
			targets = (
				20F628661AB0C6CC006B5799 /* iECDIS */,
				20F6287F1AB0C6CC006B5799 /* iECDISTests */,
			);
		};
/* End PBXProject section */

/* Begin PBXResourcesBuildPhase section */
		20F628651AB0C6CC006B5799 /* Resources */ = {
			isa = PBXResourcesBuildPhase;
			buildActionMask = 2147483647;
			files = (
				20F628781AB0C6CC006B5799 /* Images.xcassets in Resources */,
				20F6287B1AB0C6CC006B5799 /* Main.storyboard in Resources */,
			);
			runOnlyForDeploymentPostprocessing = 0;
		};
		20F6287E1AB0C6CC006B5799 /* Resources */ = {
			isa = PBXResourcesBuildPhase;
			buildActionMask = 2147483647;
			files = (
			);
			runOnlyForDeploymentPostprocessing = 0;
		};
/* End PBXResourcesBuildPhase section */

/* Begin PBXSourcesBuildPhase section */
		20F628631AB0C6CC006B5799 /* Sources */ = {
			isa = PBXSourcesBuildPhase;
			buildActionMask = 2147483647;
			files = (
				20E8B1F11E286517008B1A56 /* Radar.m in Sources */,
				202DE9E81C6BA90700E4D153 /* USB.m in Sources */,
				202DE9D71C6BA76400E4D153 /* DisplayBSB.m in Sources */,
				202DE9E11C6BA84400E4D153 /* NMEA0183.m in Sources */,
				202DE9DA1C6BA78E00E4D153 /* DisplayENC.m in Sources */,
				20E8B1F41E28652D008B1A56 /* grib.m in Sources */,
				202DE9EE1C6BA94300E4D153 /* net.m in Sources */,
				20F628761AB0C6CC006B5799 /* iECDIS.xcdatamodeld in Sources */,
				202DE9E41C6BA87000E4D153 /* NMEA2000.m in Sources */,
				20F628731AB0C6CC006B5799 /* ViewController.m in Sources */,
				20E8B1F71E28662F008B1A56 /* RTFM.m in Sources */,
				20F628701AB0C6CC006B5799 /* main.m in Sources */,
				20E8B1EE1E2864EF008B1A56 /* AIS.m in Sources */,
				202DE9DD1C6BA7BD00E4D153 /* DisplayGeoTIFF.m in Sources */,
				202DE9D41C6BA70000E4D153 /* DisplayOnlineMap.m in Sources */,
				20F6286E1AB0C6CC006B5799 /* AppDelegate.m in Sources */,
				202DE9EB1C6BA92300E4D153 /* serial.m in Sources */,
			);
			runOnlyForDeploymentPostprocessing = 0;
		};
		20F6287C1AB0C6CC006B5799 /* Sources */ = {
			isa = PBXSourcesBuildPhase;
			buildActionMask = 2147483647;
			files = (
				20F628871AB0C6CC006B5799 /* iECDISTests.m in Sources */,
			);
			runOnlyForDeploymentPostprocessing = 0;
		};
/* End PBXSourcesBuildPhase section */

/* Begin PBXTargetDependency section */
		20F628821AB0C6CC006B5799 /* PBXTargetDependency */ = {
			isa = PBXTargetDependency;
			target = 20F628661AB0C6CC006B5799 /* iECDIS */;
			targetProxy = 20F628811AB0C6CC006B5799 /* PBXContainerItemProxy */;
		};
/* End PBXTargetDependency section */

/* Begin PBXVariantGroup section */
		20F628791AB0C6CC006B5799 /* Main.storyboard */ = {
			isa = PBXVariantGroup;
			children = (
				20F6287A1AB0C6CC006B5799 /* Base */,
			);
			name = Main.storyboard;
			sourceTree = "<group>";
		};
/* End PBXVariantGroup section */

/* Begin XCBuildConfiguration section */
		20F628881AB0C6CC006B5799 /* Debug */ = {
			isa = XCBuildConfiguration;
			buildSettings = {
				ALWAYS_SEARCH_USER_PATHS = NO;
				CLANG_CXX_LANGUAGE_STANDARD = "gnu++0x";
				CLANG_CXX_LIBRARY = "libc++";
				CLANG_ENABLE_MODULES = YES;
				CLANG_ENABLE_OBJC_ARC = YES;
				CLANG_WARN_BOOL_CONVERSION = YES;
				CLANG_WARN_CONSTANT_CONVERSION = YES;
				CLANG_WARN_DIRECT_OBJC_ISA_USAGE = YES_ERROR;
				CLANG_WARN_EMPTY_BODY = YES;
				CLANG_WARN_ENUM_CONVERSION = YES;
				CLANG_WARN_INFINITE_RECURSION = YES;
				CLANG_WARN_INT_CONVERSION = YES;
				CLANG_WARN_OBJC_ROOT_CLASS = YES_ERROR;
				CLANG_WARN_SUSPICIOUS_MOVE = YES;
				CLANG_WARN_UNREACHABLE_CODE = YES;
				CLANG_WARN__DUPLICATE_METHOD_MATCH = YES;
				CODE_SIGN_IDENTITY = "-";
				COPY_PHASE_STRIP = NO;
				ENABLE_STRICT_OBJC_MSGSEND = YES;
				ENABLE_TESTABILITY = YES;
				GCC_C_LANGUAGE_STANDARD = gnu99;
				GCC_DYNAMIC_NO_PIC = NO;
				GCC_NO_COMMON_BLOCKS = YES;
				GCC_OPTIMIZATION_LEVEL = 0;
				GCC_PREPROCESSOR_DEFINITIONS = (
					"DEBUG=1",
					"$(inherited)",
				);
				GCC_SYMBOLS_PRIVATE_EXTERN = NO;
				GCC_WARN_64_TO_32_BIT_CONVERSION = YES;
				GCC_WARN_ABOUT_RETURN_TYPE = YES_ERROR;
				GCC_WARN_UNDECLARED_SELECTOR = YES;
				GCC_WARN_UNINITIALIZED_AUTOS = YES_AGGRESSIVE;
				GCC_WARN_UNUSED_FUNCTION = YES;
				GCC_WARN_UNUSED_VARIABLE = YES;
				MACOSX_DEPLOYMENT_TARGET = 10.10;
				MTL_ENABLE_DEBUG_INFO = YES;
				ONLY_ACTIVE_ARCH = YES;
				SDKROOT = macosx;
			};
			name = Debug;
		};
		20F628891AB0C6CC006B5799 /* Release */ = {
			isa = XCBuildConfiguration;
			buildSettings = {
				ALWAYS_SEARCH_USER_PATHS = NO;
				CLANG_CXX_LANGUAGE_STANDARD = "gnu++0x";
				CLANG_CXX_LIBRARY = "libc++";
				CLANG_ENABLE_MODULES = YES;
				CLANG_ENABLE_OBJC_ARC = YES;
				CLANG_WARN_BOOL_CONVERSION = YES;
				CLANG_WARN_CONSTANT_CONVERSION = YES;
				CLANG_WARN_DIRECT_OBJC_ISA_USAGE = YES_ERROR;
				CLANG_WARN_EMPTY_BODY = YES;
				CLANG_WARN_ENUM_CONVERSION = YES;
				CLANG_WARN_INFINITE_RECURSION = YES;
				CLANG_WARN_INT_CONVERSION = YES;
				CLANG_WARN_OBJC_ROOT_CLASS = YES_ERROR;
				CLANG_WARN_SUSPICIOUS_MOVE = YES;
				CLANG_WARN_UNREACHABLE_CODE = YES;
				CLANG_WARN__DUPLICATE_METHOD_MATCH = YES;
				CODE_SIGN_IDENTITY = "-";
				COPY_PHASE_STRIP = YES;
				DEBUG_INFORMATION_FORMAT = "dwarf-with-dsym";
				ENABLE_NS_ASSERTIONS = NO;
				ENABLE_STRICT_OBJC_MSGSEND = YES;
				GCC_C_LANGUAGE_STANDARD = gnu99;
				GCC_NO_COMMON_BLOCKS = YES;
				GCC_WARN_64_TO_32_BIT_CONVERSION = YES;
				GCC_WARN_ABOUT_RETURN_TYPE = YES_ERROR;
				GCC_WARN_UNDECLARED_SELECTOR = YES;
				GCC_WARN_UNINITIALIZED_AUTOS = YES_AGGRESSIVE;
				GCC_WARN_UNUSED_FUNCTION = YES;
				GCC_WARN_UNUSED_VARIABLE = YES;
				MACOSX_DEPLOYMENT_TARGET = 10.10;
				MTL_ENABLE_DEBUG_INFO = NO;
				SDKROOT = macosx;
			};
			name = Release;
		};
		20F6288B1AB0C6CC006B5799 /* Debug */ = {
			isa = XCBuildConfiguration;
			buildSettings = {
				ASSETCATALOG_COMPILER_APPICON_NAME = AppIcon;
				CODE_SIGN_ENTITLEMENTS = iECDIS/iECDIS.entitlements;
				COMBINE_HIDPI_IMAGES = YES;
				DEAD_CODE_STRIPPING = YES;
				INFOPLIST_FILE = iECDIS/Info.plist;
				LD_RUNPATH_SEARCH_PATHS = "$(inherited) @executable_path/../Frameworks";
				PRODUCT_BUNDLE_IDENTIFIER = "br.com.Johnsen-Offshore.$(PRODUCT_NAME:rfc1034identifier)";
				PRODUCT_NAME = "$(TARGET_NAME)";
			};
			name = Debug;
		};
		20F6288C1AB0C6CC006B5799 /* Release */ = {
			isa = XCBuildConfiguration;
			buildSettings = {
				ASSETCATALOG_COMPILER_APPICON_NAME = AppIcon;
				CODE_SIGN_ENTITLEMENTS = iECDIS/iECDIS.entitlements;
				COMBINE_HIDPI_IMAGES = YES;
				DEAD_CODE_STRIPPING = YES;
				INFOPLIST_FILE = iECDIS/Info.plist;
				LD_RUNPATH_SEARCH_PATHS = "$(inherited) @executable_path/../Frameworks";
				PRODUCT_BUNDLE_IDENTIFIER = "br.com.Johnsen-Offshore.$(PRODUCT_NAME:rfc1034identifier)";
				PRODUCT_NAME = "$(TARGET_NAME)";
			};
			name = Release;
		};
		20F6288E1AB0C6CC006B5799 /* Debug */ = {
			isa = XCBuildConfiguration;
			buildSettings = {
				BUNDLE_LOADER = "$(TEST_HOST)";
				COMBINE_HIDPI_IMAGES = YES;
				FRAMEWORK_SEARCH_PATHS = (
					"$(DEVELOPER_FRAMEWORKS_DIR)",
					"$(inherited)",
				);
				GCC_PREPROCESSOR_DEFINITIONS = (
					"DEBUG=1",
					"$(inherited)",
				);
				INFOPLIST_FILE = iECDISTests/Info.plist;
				LD_RUNPATH_SEARCH_PATHS = "$(inherited) @executable_path/../Frameworks @loader_path/../Frameworks";
				PRODUCT_BUNDLE_IDENTIFIER = "br.com.Johnsen-Offshore.$(PRODUCT_NAME:rfc1034identifier)";
				PRODUCT_NAME = "$(TARGET_NAME)";
				TEST_HOST = "$(BUILT_PRODUCTS_DIR)/iECDIS.app/Contents/MacOS/iECDIS";
			};
			name = Debug;
		};
		20F6288F1AB0C6CC006B5799 /* Release */ = {
			isa = XCBuildConfiguration;
			buildSettings = {
				BUNDLE_LOADER = "$(TEST_HOST)";
				COMBINE_HIDPI_IMAGES = YES;
				FRAMEWORK_SEARCH_PATHS = (
					"$(DEVELOPER_FRAMEWORKS_DIR)",
					"$(inherited)",
				);
				INFOPLIST_FILE = iECDISTests/Info.plist;
				LD_RUNPATH_SEARCH_PATHS = "$(inherited) @executable_path/../Frameworks @loader_path/../Frameworks";
				PRODUCT_BUNDLE_IDENTIFIER = "br.com.Johnsen-Offshore.$(PRODUCT_NAME:rfc1034identifier)";
				PRODUCT_NAME = "$(TARGET_NAME)";
				TEST_HOST = "$(BUILT_PRODUCTS_DIR)/iECDIS.app/Contents/MacOS/iECDIS";
			};
			name = Release;
		};
/* End XCBuildConfiguration section */

/* Begin XCConfigurationList section */
		20F628621AB0C6CC006B5799 /* Build configuration list for PBXProject "iECDIS" */ = {
			isa = XCConfigurationList;
			buildConfigurations = (
				20F628881AB0C6CC006B5799 /* Debug */,
				20F628891AB0C6CC006B5799 /* Release */,
			);
			defaultConfigurationIsVisible = 0;
			defaultConfigurationName = Release;
		};
		20F6288A1AB0C6CC006B5799 /* Build configuration list for PBXNativeTarget "iECDIS" */ = {
			isa = XCConfigurationList;
			buildConfigurations = (
				20F6288B1AB0C6CC006B5799 /* Debug */,
				20F6288C1AB0C6CC006B5799 /* Release */,
			);
			defaultConfigurationIsVisible = 0;
			defaultConfigurationName = Release;
		};
		20F6288D1AB0C6CC006B5799 /* Build configuration list for PBXNativeTarget "iECDISTests" */ = {
			isa = XCConfigurationList;
			buildConfigurations = (
				20F6288E1AB0C6CC006B5799 /* Debug */,
				20F6288F1AB0C6CC006B5799 /* Release */,
			);
			defaultConfigurationIsVisible = 0;
			defaultConfigurationName = Release;
		};
/* End XCConfigurationList section */

/* Begin XCVersionGroup section */
		20F628741AB0C6CC006B5799 /* iECDIS.xcdatamodeld */ = {
			isa = XCVersionGroup;
			children = (
				20F628751AB0C6CC006B5799 /* iECDIS.xcdatamodel */,
			);
			currentVersion = 20F628751AB0C6CC006B5799 /* iECDIS.xcdatamodel */;
			path = iECDIS.xcdatamodeld;
			sourceTree = "<group>";
			versionGroupType = wrapper.xcdatamodel;
		};
/* End XCVersionGroup section */
	};
	rootObject = 20F6285F1AB0C6CC006B5799 /* Project object */;
}
